
Microsoft Visual Studio Solution File, Format Version 12.00
# Visual Studio Version 16
VisualStudioVersion = 16.0.30413.136
MinimumVisualStudioVersion = 10.0.40219.1
Project("{FAE04EC0-301F-11D3-BF4B-00C04F79EFBC}") = "BestBuyListingNotifier", "BestBuyListingNotifier.csproj", "{4589791D-D7B8-4105-AD84-D23702B48DBA}"
EndProject
Global
	GlobalSection(SolutionConfigurationPlatforms) = preSolution
		Debug|Any CPU = Debug|Any CPU
		Release|Any CPU = Release|Any CPU
	EndGlobalSection
	GlobalSection(ProjectConfigurationPlatforms) = postSolution
		{4589791D-D7B8-4105-AD84-D23702B48DBA}.Debug|Any CPU.ActiveCfg = Debug|Any CPU
		{4589791D-D7B8-4105-AD84-D23702B48DBA}.Debug|Any CPU.Build.0 = Debug|Any CPU
		{4589791D-D7B8-4105-AD84-D23702B48DBA}.Release|Any CPU.ActiveCfg = Release|Any CPU
		{4589791D-D7B8-4105-AD84-D23702B48DBA}.Release|Any CPU.Build.0 = Release|Any CPU
	EndGlobalSection
	GlobalSection(SolutionProperties) = preSolution
		HideSolutionNode = FALSE
	EndGlobalSection
	GlobalSection(ExtensibilityGlobals) = postSolution
		SolutionGuid = {AD13AF9F-85B3-4716-AC92-10E2A1E6FA48}
	EndGlobalSection
EndGlobal
